
Microsoft Visual Studio Solution File, Format Version 12.00
# Visual Studio Version 16
VisualStudioVersion = 16.0.29424.173
MinimumVisualStudioVersion = 10.0.40219.1
Project("{9A19103F-16F7-4668-BE54-9A1E7A4F7556}") = "Etapa07", "Etapa07\Etapa07.csproj", "{58A4D8A7-9999-4E79-8035-9FEADDD4DAD4}"
EndProject
Project("{9A19103F-16F7-4668-BE54-9A1E7A4F7556}") = "Dominio", "Dominio\Dominio.csproj", "{21ED9A88-B7C9-4E6E-8848-80F44420FC7B}"
EndProject
Project("{2150E333-8FDC-42A3-9474-1A3956D46DE8}") = "Apresentacao", "Apresentacao", "{B3469BDC-267F-4DB0-BE12-58EDAC19B907}"
EndProject
Project("{2150E333-8FDC-42A3-9474-1A3956D46DE8}") = "Negocio", "Negocio", "{5D529E82-6657-4551-A13A-8FA74F86F921}"
EndProject
Project("{FAE04EC0-301F-11D3-BF4B-00C04F79EFBC}") = "Infraestrutura", "Infraestrutura\Infraestrutura.csproj", "{8FF60B6B-EB2B-4D92-B03C-2B0CE39B021D}"
EndProject
Global
	GlobalSection(SolutionConfigurationPlatforms) = preSolution
		Debug|Any CPU = Debug|Any CPU
		Release|Any CPU = Release|Any CPU
	EndGlobalSection
	GlobalSection(ProjectConfigurationPlatforms) = postSolution
		{58A4D8A7-9999-4E79-8035-9FEADDD4DAD4}.Debug|Any CPU.ActiveCfg = Debug|Any CPU
		{58A4D8A7-9999-4E79-8035-9FEADDD4DAD4}.Debug|Any CPU.Build.0 = Debug|Any CPU
		{58A4D8A7-9999-4E79-8035-9FEADDD4DAD4}.Release|Any CPU.ActiveCfg = Release|Any CPU
		{58A4D8A7-9999-4E79-8035-9FEADDD4DAD4}.Release|Any CPU.Build.0 = Release|Any CPU
		{21ED9A88-B7C9-4E6E-8848-80F44420FC7B}.Debug|Any CPU.ActiveCfg = Debug|Any CPU
		{21ED9A88-B7C9-4E6E-8848-80F44420FC7B}.Debug|Any CPU.Build.0 = Debug|Any CPU
		{21ED9A88-B7C9-4E6E-8848-80F44420FC7B}.Release|Any CPU.ActiveCfg = Release|Any CPU
		{21ED9A88-B7C9-4E6E-8848-80F44420FC7B}.Release|Any CPU.Build.0 = Release|Any CPU
		{8FF60B6B-EB2B-4D92-B03C-2B0CE39B021D}.Debug|Any CPU.ActiveCfg = Debug|Any CPU
		{8FF60B6B-EB2B-4D92-B03C-2B0CE39B021D}.Debug|Any CPU.Build.0 = Debug|Any CPU
		{8FF60B6B-EB2B-4D92-B03C-2B0CE39B021D}.Release|Any CPU.ActiveCfg = Release|Any CPU
		{8FF60B6B-EB2B-4D92-B03C-2B0CE39B021D}.Release|Any CPU.Build.0 = Release|Any CPU
	EndGlobalSection
	GlobalSection(SolutionProperties) = preSolution
		HideSolutionNode = FALSE
	EndGlobalSection
	GlobalSection(NestedProjects) = preSolution
		{58A4D8A7-9999-4E79-8035-9FEADDD4DAD4} = {B3469BDC-267F-4DB0-BE12-58EDAC19B907}
		{21ED9A88-B7C9-4E6E-8848-80F44420FC7B} = {5D529E82-6657-4551-A13A-8FA74F86F921}
	EndGlobalSection
	GlobalSection(ExtensibilityGlobals) = postSolution
		SolutionGuid = {8A155C8D-941C-436F-B23B-EBA174C90668}
	EndGlobalSection
EndGlobal
